{
  "version": 4,
  "terraform_version": "1.1.9",
  "serial": 67,
  "lineage": "fdb31ac5-d3c6-47e0-d8a6-95b7f22cb2fc",
  "outputs": {},
  "resources": [
    {
      "mode": "managed",
      "type": "digitalocean_kubernetes_cluster",
      "name": "prueba",
      "provider": "provider[\"registry.terraform.io/digitalocean/digitalocean\"]",
      "instances": [
        {
          "schema_version": 3,
          "attributes": {
            "auto_upgrade": false,
            "cluster_subnet": "10.244.0.0/16",
            "created_at": "2022-05-11 09:16:42 +0000 UTC",
            "endpoint": "https://2a4fa804-bab2-4fca-a5bb-cb1835957128.k8s.ondigitalocean.com",
            "ha": false,
            "id": "2a4fa804-bab2-4fca-a5bb-cb1835957128",
            "ipv4_address": "142.93.246.166",
            "kube_config": [
              {
                "client_certificate": "",
                "client_key": "",
                "cluster_ca_certificate": "LS0tLS1CRUdJTiBDRVJUSUZJQ0FURS0tLS0tCk1JSURKekNDQWcrZ0F3SUJBZ0lDQm5Vd0RRWUpLb1pJaHZjTkFRRUxCUUF3TXpFVk1CTUdBMVVFQ2hNTVJHbG4KYVhSaGJFOWpaV0Z1TVJvd0dBWURWUVFERXhGck9ITmhZWE1nUTJ4MWMzUmxjaUJEUVRBZUZ3MHlNakExTVRFdwpPVEUyTkRsYUZ3MDBNakExTVRFd09URTJORGxhTURNeEZUQVRCZ05WQkFvVERFUnBaMmwwWVd4UFkyVmhiakVhCk1CZ0dBMVVFQXhNUmF6aHpZV0Z6SUVOc2RYTjBaWElnUTBFd2dnRWlNQTBHQ1NxR1NJYjNEUUVCQVFVQUE0SUIKRHdBd2dnRUtBb0lCQVFEYzFqRmFrODRrdWFwbklvWmlkVnFiWmY2RjR2NGdzM20yNVlGcXVtYm1TUE5qWnhhVAp6T1BvQnBPOC9NVVZPM3N1UjdGMEQ0ZUlzSktBbGNhM0VnK3Rrc21UNTB1aDhienh4Wm56U3NUYTl6aGUvSEpzCldZSzhzOGtEV3Jmd294ekFnVFJtbmd6VGdOL204Z3RKSVVPeEVDSEV3QUF5ZWFoMVluc0ZjREtjbW11N1VLNysKNXl3YlJYOXdJNEhUeVU3cVNsT0IzdENCVm9rMnhhZ2xrbG9ZK1BiS1EvcURiV2RJTHdEd1R6N0FEM2FIN0s3KwpZVklJa3ljT3B1eC8yVldXZWVTMWMxR0F1Zkt0elZnOFVuMHE0Sks3T3ZyMDZKVkYzc1NKM2w5c0hoWFZHaHJoCmNMQzBpQmo0dVZINXNDSE5xRUhpUkhwQ1ZqWEF5blkyOW9takFnTUJBQUdqUlRCRE1BNEdBMVVkRHdFQi93UUUKQXdJQmhqQVNCZ05WSFJNQkFmOEVDREFHQVFIL0FnRUFNQjBHQTFVZERnUVdCQlJWNm44MW9DbGdVVXU3Q1l0RApoenZ2cTdOcXlUQU5CZ2txaGtpRzl3MEJBUXNGQUFPQ0FRRUFoRHlYWFBGdVJrV0RJczhhTk5xbkdwRFNiRTZqClNlcW1JR0lsUkVwN0plbDZiVjJQKytFVzR5M0wraWVzRmw2ZlNhc0ptbHpVeEQyd2xJaFlxcmJpY1VEYmZWVnMKbWVmUlZOYlVnWjlYQnl4U3l3YUpsUERtcWQ0T2EwbnIzTGt5bnN0UXhQeXJGUHVudENnMHUyZzJ5OWNDTlB4Qwp5Y01yWndJdHJSamE5RnArNmdmOTgyN2xFOFZ2K1RjY3hmUnVHbTZNZzRFWTJicEttZU1oSVhIWng0UGtjR0FGCndCbGl1SHJtZWMwWCtWdDlTRk1vdWxMVDBpUDg3dWZSalhmMVJoZ2dqWG4zNXQ4Qll3YldHY21hdjNobFBLWHYKRFJIR1ltVitqdU9KL2VSMVd3M2RvS3UxRm5OeTBDcENGYWZQbjc1VkozaTJLdXhSUHk4NXNEdE1SQT09Ci0tLS0tRU5EIENFUlRJRklDQVRFLS0tLS0K",
                "expires_at": "2022-05-18T09:23:33Z",
                "host": "https://2a4fa804-bab2-4fca-a5bb-cb1835957128.k8s.ondigitalocean.com",
                "raw_config": "apiVersion: v1\nkind: Config\nclusters:\n- cluster:\n    certificate-authority-data: LS0tLS1CRUdJTiBDRVJUSUZJQ0FURS0tLS0tCk1JSURKekNDQWcrZ0F3SUJBZ0lDQm5Vd0RRWUpLb1pJaHZjTkFRRUxCUUF3TXpFVk1CTUdBMVVFQ2hNTVJHbG4KYVhSaGJFOWpaV0Z1TVJvd0dBWURWUVFERXhGck9ITmhZWE1nUTJ4MWMzUmxjaUJEUVRBZUZ3MHlNakExTVRFdwpPVEUyTkRsYUZ3MDBNakExTVRFd09URTJORGxhTURNeEZUQVRCZ05WQkFvVERFUnBaMmwwWVd4UFkyVmhiakVhCk1CZ0dBMVVFQXhNUmF6aHpZV0Z6SUVOc2RYTjBaWElnUTBFd2dnRWlNQTBHQ1NxR1NJYjNEUUVCQVFVQUE0SUIKRHdBd2dnRUtBb0lCQVFEYzFqRmFrODRrdWFwbklvWmlkVnFiWmY2RjR2NGdzM20yNVlGcXVtYm1TUE5qWnhhVAp6T1BvQnBPOC9NVVZPM3N1UjdGMEQ0ZUlzSktBbGNhM0VnK3Rrc21UNTB1aDhienh4Wm56U3NUYTl6aGUvSEpzCldZSzhzOGtEV3Jmd294ekFnVFJtbmd6VGdOL204Z3RKSVVPeEVDSEV3QUF5ZWFoMVluc0ZjREtjbW11N1VLNysKNXl3YlJYOXdJNEhUeVU3cVNsT0IzdENCVm9rMnhhZ2xrbG9ZK1BiS1EvcURiV2RJTHdEd1R6N0FEM2FIN0s3KwpZVklJa3ljT3B1eC8yVldXZWVTMWMxR0F1Zkt0elZnOFVuMHE0Sks3T3ZyMDZKVkYzc1NKM2w5c0hoWFZHaHJoCmNMQzBpQmo0dVZINXNDSE5xRUhpUkhwQ1ZqWEF5blkyOW9takFnTUJBQUdqUlRCRE1BNEdBMVVkRHdFQi93UUUKQXdJQmhqQVNCZ05WSFJNQkFmOEVDREFHQVFIL0FnRUFNQjBHQTFVZERnUVdCQlJWNm44MW9DbGdVVXU3Q1l0RApoenZ2cTdOcXlUQU5CZ2txaGtpRzl3MEJBUXNGQUFPQ0FRRUFoRHlYWFBGdVJrV0RJczhhTk5xbkdwRFNiRTZqClNlcW1JR0lsUkVwN0plbDZiVjJQKytFVzR5M0wraWVzRmw2ZlNhc0ptbHpVeEQyd2xJaFlxcmJpY1VEYmZWVnMKbWVmUlZOYlVnWjlYQnl4U3l3YUpsUERtcWQ0T2EwbnIzTGt5bnN0UXhQeXJGUHVudENnMHUyZzJ5OWNDTlB4Qwp5Y01yWndJdHJSamE5RnArNmdmOTgyN2xFOFZ2K1RjY3hmUnVHbTZNZzRFWTJicEttZU1oSVhIWng0UGtjR0FGCndCbGl1SHJtZWMwWCtWdDlTRk1vdWxMVDBpUDg3dWZSalhmMVJoZ2dqWG4zNXQ4Qll3YldHY21hdjNobFBLWHYKRFJIR1ltVitqdU9KL2VSMVd3M2RvS3UxRm5OeTBDcENGYWZQbjc1VkozaTJLdXhSUHk4NXNEdE1SQT09Ci0tLS0tRU5EIENFUlRJRklDQVRFLS0tLS0K\n    server: https://2a4fa804-bab2-4fca-a5bb-cb1835957128.k8s.ondigitalocean.com\n  name: do-nyc1-pruebadavid\ncontexts:\n- context:\n    cluster: do-nyc1-pruebadavid\n    user: do-nyc1-pruebadavid-admin\n  name: do-nyc1-pruebadavid\ncurrent-context: do-nyc1-pruebadavid\nusers:\n- name: do-nyc1-pruebadavid-admin\n  user:\n    token: dop_v1_a576ec537ceec0d325de1da8b769ad3a0bc6423316a2e1de661b1a1cd56290ff\n",
                "token": "dop_v1_a576ec537ceec0d325de1da8b769ad3a0bc6423316a2e1de661b1a1cd56290ff"
              }
            ],
            "maintenance_policy": [
              {
                "day": "any",
                "duration": "4h0m0s",
                "start_time": "17:00"
              }
            ],
            "name": "pruebadavid",
            "node_pool": [
              {
                "actual_node_count": 1,
                "auto_scale": false,
                "id": "754e2928-3bb0-4b46-9de0-92c93ffea313",
                "labels": null,
                "max_nodes": 0,
                "min_nodes": 0,
                "name": "pruebapool",
                "node_count": 1,
                "nodes": [
                  {
                    "created_at": "2022-05-11 09:16:42 +0000 UTC",
                    "droplet_id": "299298211",
                    "id": "70f39d6f-895b-4b1f-b875-0af5ed1052eb",
                    "name": "pruebapool-cwd1j",
                    "status": "running",
                    "updated_at": "2022-05-11 09:20:51 +0000 UTC"
                  }
                ],
                "size": "s-1vcpu-2gb",
                "tags": null,
                "taint": []
              }
            ],
            "region": "nyc1",
            "service_subnet": "10.245.0.0/16",
            "status": "running",
            "surge_upgrade": true,
            "tags": null,
            "timeouts": null,
            "updated_at": "2022-05-11 09:23:32 +0000 UTC",
            "urn": "do:kubernetes:2a4fa804-bab2-4fca-a5bb-cb1835957128",
            "version": "1.22.8-do.1",
            "vpc_uuid": "3b493c73-60dc-4809-b722-f7c7608727c6"
          },
          "sensitive_attributes": [],
          "private": "eyJlMmJmYjczMC1lY2FhLTExZTYtOGY4OC0zNDM2M2JjN2M0YzAiOnsiY3JlYXRlIjoxODAwMDAwMDAwMDAwfSwic2NoZW1hX3ZlcnNpb24iOiIzIn0="
        }
      ]
    },
    {
      "mode": "managed",
      "type": "digitalocean_volume",
      "name": "volumen",
      "provider": "provider[\"registry.terraform.io/digitalocean/digitalocean\"]",
      "instances": [
        {
          "schema_version": 0,
          "attributes": {
            "description": "prueba",
            "droplet_ids": [],
            "filesystem_label": null,
            "filesystem_type": "ext4",
            "id": "10cd19cf-d10b-11ec-ace0-0a58ac145554",
            "initial_filesystem_label": null,
            "initial_filesystem_type": "ext4",
            "name": "volumen",
            "region": "nyc1",
            "size": 5,
            "snapshot_id": null,
            "tags": null,
            "urn": "do:volume:10cd19cf-d10b-11ec-ace0-0a58ac145554"
          },
          "sensitive_attributes": [],
          "private": "bnVsbA=="
        }
      ]
    },
    {
      "mode": "managed",
      "type": "kubernetes_daemonset",
      "name": "nginx",
      "provider": "provider[\"registry.terraform.io/hashicorp/kubernetes\"]",
      "instances": [
        {
          "schema_version": 1,
          "attributes": {
            "id": "pruebaname/terraform-example",
            "metadata": [
              {
                "annotations": null,
                "generate_name": "",
                "generation": 1,
                "labels": {
                  "test": "MyExampleApp"
                },
                "name": "terraform-example",
                "namespace": "pruebaname",
                "resource_version": "947",
                "uid": "f2c5fbc9-ccf0-4b41-b9cb-74e5801f2311"
              }
            ],
            "spec": [
              {
                "min_ready_seconds": 0,
                "revision_history_limit": 10,
                "selector": [
                  {
                    "match_expressions": [],
                    "match_labels": {
                      "test": "MyExampleApp"
                    }
                  }
                ],
                "strategy": [
                  {
                    "rolling_update": [
                      {
                        "max_unavailable": "1"
                      }
                    ],
                    "type": "RollingUpdate"
                  }
                ],
                "template": [
                  {
                    "metadata": [
                      {
                        "annotations": null,
                        "generate_name": "",
                        "generation": 0,
                        "labels": {
                          "test": "MyExampleApp"
                        },
                        "name": "",
                        "resource_version": "",
                        "uid": ""
                      }
                    ],
                    "spec": [
                      {
                        "active_deadline_seconds": 0,
                        "affinity": [],
                        "automount_service_account_token": true,
                        "container": [
                          {
                            "args": null,
                            "command": null,
                            "env": [],
                            "env_from": [],
                            "image": "nginx:1.21.6",
                            "image_pull_policy": "IfNotPresent",
                            "lifecycle": [],
                            "liveness_probe": [
                              {
                                "exec": [],
                                "failure_threshold": 3,
                                "http_get": [
                                  {
                                    "host": "",
                                    "http_header": [
                                      {
                                        "name": "X-Custom-Header",
                                        "value": "Awesome"
                                      }
                                    ],
                                    "path": "/",
                                    "port": "80",
                                    "scheme": "HTTP"
                                  }
                                ],
                                "initial_delay_seconds": 3,
                                "period_seconds": 3,
                                "success_threshold": 1,
                                "tcp_socket": [],
                                "timeout_seconds": 1
                              }
                            ],
                            "name": "example",
                            "port": [],
                            "readiness_probe": [],
                            "resources": [
                              {
                                "limits": {
                                  "cpu": "500m",
                                  "memory": "512Mi"
                                },
                                "requests": {
                                  "cpu": "250m",
                                  "memory": "50Mi"
                                }
                              }
                            ],
                            "security_context": [],
                            "startup_probe": [],
                            "stdin": false,
                            "stdin_once": false,
                            "termination_message_path": "/dev/termination-log",
                            "termination_message_policy": "File",
                            "tty": false,
                            "volume_mount": [],
                            "working_dir": ""
                          }
                        ],
                        "dns_config": [],
                        "dns_policy": "ClusterFirst",
                        "enable_service_links": true,
                        "host_aliases": [],
                        "host_ipc": false,
                        "host_network": false,
                        "host_pid": false,
                        "hostname": "",
                        "image_pull_secrets": [],
                        "init_container": [],
                        "node_name": "",
                        "node_selector": null,
                        "priority_class_name": "",
                        "readiness_gate": [],
                        "restart_policy": "Always",
                        "security_context": [],
                        "service_account_name": "",
                        "share_process_namespace": false,
                        "subdomain": "",
                        "termination_grace_period_seconds": 30,
                        "toleration": [],
                        "topology_spread_constraint": [],
                        "volume": []
                      }
                    ]
                  }
                ]
              }
            ],
            "timeouts": null,
            "wait_for_rollout": true
          },
          "sensitive_attributes": [],
          "private": "eyJlMmJmYjczMC1lY2FhLTExZTYtOGY4OC0zNDM2M2JjN2M0YzAiOnsiY3JlYXRlIjo2MDAwMDAwMDAwMDAsImRlbGV0ZSI6NjAwMDAwMDAwMDAwLCJ1cGRhdGUiOjYwMDAwMDAwMDAwMH0sInNjaGVtYV92ZXJzaW9uIjoiMSJ9",
          "dependencies": [
            "digitalocean_kubernetes_cluster.prueba",
            "local_file.kubernetes_config"
          ]
        }
      ]
    },
    {
      "mode": "managed",
      "type": "kubernetes_namespace",
      "name": "pruebanamespace",
      "provider": "provider[\"registry.terraform.io/hashicorp/kubernetes\"]",
      "instances": [
        {
          "schema_version": 0,
          "attributes": {
            "id": "pruebaname",
            "metadata": [
              {
                "annotations": null,
                "generate_name": "",
                "generation": 0,
                "labels": null,
                "name": "pruebaname",
                "resource_version": "937",
                "uid": "771ee52a-ffde-49fe-adbc-b37efd3f0259"
              }
            ],
            "timeouts": null
          },
          "sensitive_attributes": [],
          "private": "eyJlMmJmYjczMC1lY2FhLTExZTYtOGY4OC0zNDM2M2JjN2M0YzAiOnsiZGVsZXRlIjozMDAwMDAwMDAwMDB9fQ==",
          "dependencies": [
            "digitalocean_kubernetes_cluster.prueba",
            "local_file.kubernetes_config"
          ]
        }
      ]
    },
    {
      "mode": "managed",
      "type": "local_file",
      "name": "kubernetes_config",
      "provider": "provider[\"registry.terraform.io/hashicorp/local\"]",
      "instances": [
        {
          "schema_version": 0,
          "attributes": {
            "content": "apiVersion: v1\nkind: Config\nclusters:\n- cluster:\n    certificate-authority-data: LS0tLS1CRUdJTiBDRVJUSUZJQ0FURS0tLS0tCk1JSURKekNDQWcrZ0F3SUJBZ0lDQm5Vd0RRWUpLb1pJaHZjTkFRRUxCUUF3TXpFVk1CTUdBMVVFQ2hNTVJHbG4KYVhSaGJFOWpaV0Z1TVJvd0dBWURWUVFERXhGck9ITmhZWE1nUTJ4MWMzUmxjaUJEUVRBZUZ3MHlNakExTVRFdwpPVEUyTkRsYUZ3MDBNakExTVRFd09URTJORGxhTURNeEZUQVRCZ05WQkFvVERFUnBaMmwwWVd4UFkyVmhiakVhCk1CZ0dBMVVFQXhNUmF6aHpZV0Z6SUVOc2RYTjBaWElnUTBFd2dnRWlNQTBHQ1NxR1NJYjNEUUVCQVFVQUE0SUIKRHdBd2dnRUtBb0lCQVFEYzFqRmFrODRrdWFwbklvWmlkVnFiWmY2RjR2NGdzM20yNVlGcXVtYm1TUE5qWnhhVAp6T1BvQnBPOC9NVVZPM3N1UjdGMEQ0ZUlzSktBbGNhM0VnK3Rrc21UNTB1aDhienh4Wm56U3NUYTl6aGUvSEpzCldZSzhzOGtEV3Jmd294ekFnVFJtbmd6VGdOL204Z3RKSVVPeEVDSEV3QUF5ZWFoMVluc0ZjREtjbW11N1VLNysKNXl3YlJYOXdJNEhUeVU3cVNsT0IzdENCVm9rMnhhZ2xrbG9ZK1BiS1EvcURiV2RJTHdEd1R6N0FEM2FIN0s3KwpZVklJa3ljT3B1eC8yVldXZWVTMWMxR0F1Zkt0elZnOFVuMHE0Sks3T3ZyMDZKVkYzc1NKM2w5c0hoWFZHaHJoCmNMQzBpQmo0dVZINXNDSE5xRUhpUkhwQ1ZqWEF5blkyOW9takFnTUJBQUdqUlRCRE1BNEdBMVVkRHdFQi93UUUKQXdJQmhqQVNCZ05WSFJNQkFmOEVDREFHQVFIL0FnRUFNQjBHQTFVZERnUVdCQlJWNm44MW9DbGdVVXU3Q1l0RApoenZ2cTdOcXlUQU5CZ2txaGtpRzl3MEJBUXNGQUFPQ0FRRUFoRHlYWFBGdVJrV0RJczhhTk5xbkdwRFNiRTZqClNlcW1JR0lsUkVwN0plbDZiVjJQKytFVzR5M0wraWVzRmw2ZlNhc0ptbHpVeEQyd2xJaFlxcmJpY1VEYmZWVnMKbWVmUlZOYlVnWjlYQnl4U3l3YUpsUERtcWQ0T2EwbnIzTGt5bnN0UXhQeXJGUHVudENnMHUyZzJ5OWNDTlB4Qwp5Y01yWndJdHJSamE5RnArNmdmOTgyN2xFOFZ2K1RjY3hmUnVHbTZNZzRFWTJicEttZU1oSVhIWng0UGtjR0FGCndCbGl1SHJtZWMwWCtWdDlTRk1vdWxMVDBpUDg3dWZSalhmMVJoZ2dqWG4zNXQ4Qll3YldHY21hdjNobFBLWHYKRFJIR1ltVitqdU9KL2VSMVd3M2RvS3UxRm5OeTBDcENGYWZQbjc1VkozaTJLdXhSUHk4NXNEdE1SQT09Ci0tLS0tRU5EIENFUlRJRklDQVRFLS0tLS0K\n    server: https://2a4fa804-bab2-4fca-a5bb-cb1835957128.k8s.ondigitalocean.com\n  name: do-nyc1-pruebadavid\ncontexts:\n- context:\n    cluster: do-nyc1-pruebadavid\n    user: do-nyc1-pruebadavid-admin\n  name: do-nyc1-pruebadavid\ncurrent-context: do-nyc1-pruebadavid\nusers:\n- name: do-nyc1-pruebadavid-admin\n  user:\n    token: dop_v1_a576ec537ceec0d325de1da8b769ad3a0bc6423316a2e1de661b1a1cd56290ff\n",
            "content_base64": null,
            "directory_permission": "0777",
            "file_permission": "0777",
            "filename": "kubeconfig.yaml",
            "id": "c6126b2a277026ce75a1e85e0990863f48e771c4",
            "sensitive_content": null,
            "source": null
          },
          "sensitive_attributes": [
            [
              {
                "type": "get_attr",
                "value": "content"
              }
            ]
          ],
          "private": "bnVsbA==",
          "dependencies": [
            "digitalocean_kubernetes_cluster.prueba"
          ]
        }
      ]
    }
  ]
}
